
Microsoft Visual Studio Solution File, Format Version 12.00
# Visual Studio Version 17
VisualStudioVersion = 17.5.33414.496
MinimumVisualStudioVersion = 10.0.40219.1
Project("{FAE04EC0-301F-11D3-BF4B-00C04F79EFBC}") = "webapp", "webapp.csproj", "{E27A5F34-4CF7-44A6-B08F-2CA1BCEB2C38}"
EndProject
Global
	GlobalSection(SolutionConfigurationPlatforms) = preSolution
		Debug|Any CPU = Debug|Any CPU
		Release|Any CPU = Release|Any CPU
	EndGlobalSection
	GlobalSection(ProjectConfigurationPlatforms) = postSolution
		{E27A5F34-4CF7-44A6-B08F-2CA1BCEB2C38}.Debug|Any CPU.ActiveCfg = Debug|Any CPU
		{E27A5F34-4CF7-44A6-B08F-2CA1BCEB2C38}.Debug|Any CPU.Build.0 = Debug|Any CPU
		{E27A5F34-4CF7-44A6-B08F-2CA1BCEB2C38}.Release|Any CPU.ActiveCfg = Release|Any CPU
		{E27A5F34-4CF7-44A6-B08F-2CA1BCEB2C38}.Release|Any CPU.Build.0 = Release|Any CPU
	EndGlobalSection
	GlobalSection(SolutionProperties) = preSolution
		HideSolutionNode = FALSE
	EndGlobalSection
	GlobalSection(ExtensibilityGlobals) = postSolution
		SolutionGuid = {7CA8F549-6D45-482C-BB3A-1E730DF550D4}
	EndGlobalSection
EndGlobal
